
Microsoft Visual Studio Solution File, Format Version 12.00
# Visual Studio Version 17
VisualStudioVersion = 17.4.33403.182
MinimumVisualStudioVersion = 10.0.40219.1
Project("{FAE04EC0-301F-11D3-BF4B-00C04F79EFBC}") = "Hangman", "Hangman\Hangman.csproj", "{C2AEAEC0-3FF3-4F07-9902-B7F4B89239A9}"
EndProject
Global
	GlobalSection(SolutionConfigurationPlatforms) = preSolution
		Debug|Any CPU = Debug|Any CPU
		Release|Any CPU = Release|Any CPU
	EndGlobalSection
	GlobalSection(ProjectConfigurationPlatforms) = postSolution
		{C2AEAEC0-3FF3-4F07-9902-B7F4B89239A9}.Debug|Any CPU.ActiveCfg = Debug|Any CPU
		{C2AEAEC0-3FF3-4F07-9902-B7F4B89239A9}.Debug|Any CPU.Build.0 = Debug|Any CPU
		{C2AEAEC0-3FF3-4F07-9902-B7F4B89239A9}.Release|Any CPU.ActiveCfg = Release|Any CPU
		{C2AEAEC0-3FF3-4F07-9902-B7F4B89239A9}.Release|Any CPU.Build.0 = Release|Any CPU
	EndGlobalSection
	GlobalSection(SolutionProperties) = preSolution
		HideSolutionNode = FALSE
	EndGlobalSection
	GlobalSection(ExtensibilityGlobals) = postSolution
		SolutionGuid = {3F1F04F9-394F-435C-82FE-C0D8FAEB7713}
	EndGlobalSection
EndGlobal
